
Microsoft Visual Studio Solution File, Format Version 12.00
# Visual Studio Version 17
VisualStudioVersion = 17.14.36811.4 d17.14
MinimumVisualStudioVersion = 10.0.40219.1
Project("{FAE04EC0-301F-11D3-BF4B-00C04F79EFBC}") = "Reppu", "Reppu.csproj", "{BEBB2996-1685-4703-BB96-1B8AFD549DA1}"
EndProject
Global
	GlobalSection(SolutionConfigurationPlatforms) = preSolution
		Debug|Any CPU = Debug|Any CPU
		Release|Any CPU = Release|Any CPU
	EndGlobalSection
	GlobalSection(ProjectConfigurationPlatforms) = postSolution
		{BEBB2996-1685-4703-BB96-1B8AFD549DA1}.Debug|Any CPU.ActiveCfg = Debug|Any CPU
		{BEBB2996-1685-4703-BB96-1B8AFD549DA1}.Debug|Any CPU.Build.0 = Debug|Any CPU
		{BEBB2996-1685-4703-BB96-1B8AFD549DA1}.Release|Any CPU.ActiveCfg = Release|Any CPU
		{BEBB2996-1685-4703-BB96-1B8AFD549DA1}.Release|Any CPU.Build.0 = Release|Any CPU
	EndGlobalSection
	GlobalSection(SolutionProperties) = preSolution
		HideSolutionNode = FALSE
	EndGlobalSection
	GlobalSection(ExtensibilityGlobals) = postSolution
		SolutionGuid = {0F509D71-51B0-4D93-940A-C9416D1623E4}
	EndGlobalSection
EndGlobal
