
Microsoft Visual Studio Solution File, Format Version 12.00
# Visual Studio Version 17
VisualStudioVersion = 17.14.36811.4 d17.14
MinimumVisualStudioVersion = 10.0.40219.1
Project("{FAE04EC0-301F-11D3-BF4B-00C04F79EFBC}") = "Ruoka-annos generaattori", "Ruoka-annos generaattori.csproj", "{B1A18EF9-0B5B-49C3-8C22-E60E88E6B88A}"
EndProject
Global
	GlobalSection(SolutionConfigurationPlatforms) = preSolution
		Debug|Any CPU = Debug|Any CPU
		Release|Any CPU = Release|Any CPU
	EndGlobalSection
	GlobalSection(ProjectConfigurationPlatforms) = postSolution
		{B1A18EF9-0B5B-49C3-8C22-E60E88E6B88A}.Debug|Any CPU.ActiveCfg = Debug|Any CPU
		{B1A18EF9-0B5B-49C3-8C22-E60E88E6B88A}.Debug|Any CPU.Build.0 = Debug|Any CPU
		{B1A18EF9-0B5B-49C3-8C22-E60E88E6B88A}.Release|Any CPU.ActiveCfg = Release|Any CPU
		{B1A18EF9-0B5B-49C3-8C22-E60E88E6B88A}.Release|Any CPU.Build.0 = Release|Any CPU
	EndGlobalSection
	GlobalSection(SolutionProperties) = preSolution
		HideSolutionNode = FALSE
	EndGlobalSection
	GlobalSection(ExtensibilityGlobals) = postSolution
		SolutionGuid = {9F8CDE0E-FE5A-4EBD-BA8C-EF6D9EF72AFB}
	EndGlobalSection
EndGlobal
