
Microsoft Visual Studio Solution File, Format Version 12.00
# Visual Studio Version 17
VisualStudioVersion = 17.14.36811.4 d17.14
MinimumVisualStudioVersion = 10.0.40219.1
Project("{FAE04EC0-301F-11D3-BF4B-00C04F79EFBC}") = "Screensaver", "Screensaver.csproj", "{8837C230-E7DA-4284-9257-7B2077B500C8}"
EndProject
Global
	GlobalSection(SolutionConfigurationPlatforms) = preSolution
		Debug|Any CPU = Debug|Any CPU
		Release|Any CPU = Release|Any CPU
	EndGlobalSection
	GlobalSection(ProjectConfigurationPlatforms) = postSolution
		{8837C230-E7DA-4284-9257-7B2077B500C8}.Debug|Any CPU.ActiveCfg = Debug|Any CPU
		{8837C230-E7DA-4284-9257-7B2077B500C8}.Debug|Any CPU.Build.0 = Debug|Any CPU
		{8837C230-E7DA-4284-9257-7B2077B500C8}.Release|Any CPU.ActiveCfg = Release|Any CPU
		{8837C230-E7DA-4284-9257-7B2077B500C8}.Release|Any CPU.Build.0 = Release|Any CPU
	EndGlobalSection
	GlobalSection(SolutionProperties) = preSolution
		HideSolutionNode = FALSE
	EndGlobalSection
	GlobalSection(ExtensibilityGlobals) = postSolution
		SolutionGuid = {BCF2C2AC-17F2-4BD2-B676-2481851E04E6}
	EndGlobalSection
EndGlobal
